
Microsoft Visual Studio Solution File, Format Version 12.00
# Visual Studio Version 17
VisualStudioVersion = 17.6.33815.320
MinimumVisualStudioVersion = 10.0.40219.1
Project("{FAE04EC0-301F-11D3-BF4B-00C04F79EFBC}") = "eTickets", "eTickets\eTickets.csproj", "{F7C15CEF-8C73-46DA-ACE0-592B340B5030}"
EndProject
Global
	GlobalSection(SolutionConfigurationPlatforms) = preSolution
		Debug|Any CPU = Debug|Any CPU
		Release|Any CPU = Release|Any CPU
	EndGlobalSection
	GlobalSection(ProjectConfigurationPlatforms) = postSolution
		{F7C15CEF-8C73-46DA-ACE0-592B340B5030}.Debug|Any CPU.ActiveCfg = Debug|Any CPU
		{F7C15CEF-8C73-46DA-ACE0-592B340B5030}.Debug|Any CPU.Build.0 = Debug|Any CPU
		{F7C15CEF-8C73-46DA-ACE0-592B340B5030}.Release|Any CPU.ActiveCfg = Release|Any CPU
		{F7C15CEF-8C73-46DA-ACE0-592B340B5030}.Release|Any CPU.Build.0 = Release|Any CPU
	EndGlobalSection
	GlobalSection(SolutionProperties) = preSolution
		HideSolutionNode = FALSE
	EndGlobalSection
	GlobalSection(ExtensibilityGlobals) = postSolution
		SolutionGuid = {301B9975-6B6C-4924-AADE-0E22A6967DAF}
	EndGlobalSection
EndGlobal
